{
  "version": 4,
  "terraform_version": "1.5.7",
  "serial": 703,
  "lineage": "ac18bd37-4edd-adcd-af79-c002a623813c",
  "outputs": {
    "gateway_frontend_ip": {
      "value": "http://172.174.43.96",
      "type": "string"
    },
    "webapp_ips": {
      "value": "20.75.198.156,20.75.199.30,20.75.199.46,52.151.205.115,52.151.207.202,20.72.144.144,20.119.0.49",
      "type": "string"
    },
    "webapp_url": {
      "value": "amranwebapp-01357.azurewebsites.net",
      "type": "string"
    }
  },
  "resources": [
    {
      "mode": "managed",
      "type": "azurerm_app_service_virtual_network_swift_connection",
      "name": "swift-connect-vnet",
      "provider": "provider[\"registry.terraform.io/hashicorp/azurerm\"]",
      "instances": [
        {
          "schema_version": 0,
          "attributes": {
            "app_service_id": "/subscriptions/fd7a0e48-ef92-4ae6-b1a7-6a62c6dd318d/resourceGroups/amran-rg-web-sql-db-demo-project/providers/Microsoft.Web/sites/amranwebapp-01357",
            "id": "/subscriptions/fd7a0e48-ef92-4ae6-b1a7-6a62c6dd318d/resourceGroups/amran-rg-web-sql-db-demo-project/providers/Microsoft.Web/sites/amranwebapp-01357/config/virtualNetwork",
            "subnet_id": "/subscriptions/fd7a0e48-ef92-4ae6-b1a7-6a62c6dd318d/resourceGroups/amran-rg-web-sql-db-demo-project/providers/Microsoft.Network/virtualNetworks/amran-app-service-vnet/subnets/frontend-app",
            "timeouts": null
          },
          "sensitive_attributes": [],
          "private": "eyJlMmJmYjczMC1lY2FhLTExZTYtOGY4OC0zNDM2M2JjN2M0YzAiOnsiY3JlYXRlIjoxODAwMDAwMDAwMDAwLCJkZWxldGUiOjE4MDAwMDAwMDAwMDAsInJlYWQiOjMwMDAwMDAwMDAwMCwidXBkYXRlIjoxODAwMDAwMDAwMDAwfX0=",
          "dependencies": [
            "azurerm_linux_web_app.app",
            "azurerm_resource_group.amran-rg",
            "azurerm_service_plan.plan",
            "azurerm_subnet.appserv",
            "azurerm_virtual_network.app-service-vnet"
          ]
        }
      ]
    },
    {
      "mode": "managed",
      "type": "azurerm_application_gateway",
      "name": "main",
      "provider": "provider[\"registry.terraform.io/hashicorp/azurerm\"]",
      "instances": [
        {
          "schema_version": 0,
          "attributes": {
            "authentication_certificate": [],
            "autoscale_configuration": [],
            "backend_address_pool": [
              {
                "fqdns": [
                  "amranwebapp-01357.azurewebsites.net"
                ],
                "id": "/subscriptions/fd7a0e48-ef92-4ae6-b1a7-6a62c6dd318d/resourceGroups/amran-rg-web-sql-db-demo-project/providers/Microsoft.Network/applicationGateways/myAppGateway/backendAddressPools/demo-project-BackendPool",
                "ip_addresses": [],
                "name": "demo-project-BackendPool"
              }
            ],
            "backend_http_settings": [
              {
                "affinity_cookie_name": "",
                "authentication_certificate": [],
                "connection_draining": [],
                "cookie_based_affinity": "Disabled",
                "host_name": "",
                "id": "/subscriptions/fd7a0e48-ef92-4ae6-b1a7-6a62c6dd318d/resourceGroups/amran-rg-web-sql-db-demo-project/providers/Microsoft.Network/applicationGateways/myAppGateway/backendHttpSettingsCollection/demo-project-HTTPsetting",
                "name": "demo-project-HTTPsetting",
                "path": "",
                "pick_host_name_from_backend_address": true,
                "port": 80,
                "probe_id": "",
                "probe_name": "",
                "protocol": "Http",
                "request_timeout": 60,
                "trusted_root_certificate_names": []
              }
            ],
            "custom_error_configuration": [],
            "enable_http2": false,
            "fips_enabled": false,
            "firewall_policy_id": "",
            "force_firewall_policy_association": false,
            "frontend_ip_configuration": [
              {
                "id": "/subscriptions/fd7a0e48-ef92-4ae6-b1a7-6a62c6dd318d/resourceGroups/amran-rg-web-sql-db-demo-project/providers/Microsoft.Network/applicationGateways/myAppGateway/frontendIPConfigurations/demo-project-AGIPConfig",
                "name": "demo-project-AGIPConfig",
                "private_ip_address": "",
                "private_ip_address_allocation": "Dynamic",
                "private_link_configuration_id": "",
                "private_link_configuration_name": "",
                "public_ip_address_id": "/subscriptions/fd7a0e48-ef92-4ae6-b1a7-6a62c6dd318d/resourceGroups/amran-rg-web-sql-db-demo-project/providers/Microsoft.Network/publicIPAddresses/myAGPublicIPAddress",
                "subnet_id": ""
              }
            ],
            "frontend_port": [
              {
                "id": "/subscriptions/fd7a0e48-ef92-4ae6-b1a7-6a62c6dd318d/resourceGroups/amran-rg-web-sql-db-demo-project/providers/Microsoft.Network/applicationGateways/myAppGateway/frontendPorts/demo-project-FrontendPort",
                "name": "demo-project-FrontendPort",
                "port": 80
              }
            ],
            "gateway_ip_configuration": [
              {
                "id": "/subscriptions/fd7a0e48-ef92-4ae6-b1a7-6a62c6dd318d/resourceGroups/amran-rg-web-sql-db-demo-project/providers/Microsoft.Network/applicationGateways/myAppGateway/gatewayIPConfigurations/my-gateway-ip-configuration",
                "name": "my-gateway-ip-configuration",
                "subnet_id": "/subscriptions/fd7a0e48-ef92-4ae6-b1a7-6a62c6dd318d/resourceGroups/amran-rg-web-sql-db-demo-project/providers/Microsoft.Network/virtualNetworks/myVNet/subnets/myAGSubnet"
              }
            ],
            "global": [],
            "http_listener": [
              {
                "custom_error_configuration": [],
                "firewall_policy_id": "",
                "frontend_ip_configuration_id": "/subscriptions/fd7a0e48-ef92-4ae6-b1a7-6a62c6dd318d/resourceGroups/amran-rg-web-sql-db-demo-project/providers/Microsoft.Network/applicationGateways/myAppGateway/frontendIPConfigurations/demo-project-AGIPConfig",
                "frontend_ip_configuration_name": "demo-project-AGIPConfig",
                "frontend_port_id": "/subscriptions/fd7a0e48-ef92-4ae6-b1a7-6a62c6dd318d/resourceGroups/amran-rg-web-sql-db-demo-project/providers/Microsoft.Network/applicationGateways/myAppGateway/frontendPorts/demo-project-FrontendPort",
                "frontend_port_name": "demo-project-FrontendPort",
                "host_name": "",
                "host_names": [],
                "id": "/subscriptions/fd7a0e48-ef92-4ae6-b1a7-6a62c6dd318d/resourceGroups/amran-rg-web-sql-db-demo-project/providers/Microsoft.Network/applicationGateways/myAppGateway/httpListeners/demo-project-Listener",
                "name": "demo-project-Listener",
                "protocol": "Http",
                "require_sni": false,
                "ssl_certificate_id": "",
                "ssl_certificate_name": "",
                "ssl_profile_id": "",
                "ssl_profile_name": ""
              }
            ],
            "id": "/subscriptions/fd7a0e48-ef92-4ae6-b1a7-6a62c6dd318d/resourceGroups/amran-rg-web-sql-db-demo-project/providers/Microsoft.Network/applicationGateways/myAppGateway",
            "identity": [],
            "location": "eastus",
            "name": "myAppGateway",
            "private_endpoint_connection": [],
            "private_link_configuration": [],
            "probe": [],
            "redirect_configuration": [],
            "request_routing_rule": [
              {
                "backend_address_pool_id": "/subscriptions/fd7a0e48-ef92-4ae6-b1a7-6a62c6dd318d/resourceGroups/amran-rg-web-sql-db-demo-project/providers/Microsoft.Network/applicationGateways/myAppGateway/backendAddressPools/demo-project-BackendPool",
                "backend_address_pool_name": "demo-project-BackendPool",
                "backend_http_settings_id": "/subscriptions/fd7a0e48-ef92-4ae6-b1a7-6a62c6dd318d/resourceGroups/amran-rg-web-sql-db-demo-project/providers/Microsoft.Network/applicationGateways/myAppGateway/backendHttpSettingsCollection/demo-project-HTTPsetting",
                "backend_http_settings_name": "demo-project-HTTPsetting",
                "http_listener_id": "/subscriptions/fd7a0e48-ef92-4ae6-b1a7-6a62c6dd318d/resourceGroups/amran-rg-web-sql-db-demo-project/providers/Microsoft.Network/applicationGateways/myAppGateway/httpListeners/demo-project-Listener",
                "http_listener_name": "demo-project-Listener",
                "id": "/subscriptions/fd7a0e48-ef92-4ae6-b1a7-6a62c6dd318d/resourceGroups/amran-rg-web-sql-db-demo-project/providers/Microsoft.Network/applicationGateways/myAppGateway/requestRoutingRules/demo-project-RoutingRule",
                "name": "demo-project-RoutingRule",
                "priority": 1,
                "redirect_configuration_id": "",
                "redirect_configuration_name": "",
                "rewrite_rule_set_id": "",
                "rewrite_rule_set_name": "",
                "rule_type": "Basic",
                "url_path_map_id": "",
                "url_path_map_name": ""
              }
            ],
            "resource_group_name": "amran-rg-web-sql-db-demo-project",
            "rewrite_rule_set": [],
            "sku": [
              {
                "capacity": 2,
                "name": "WAF_v2",
                "tier": "WAF_v2"
              }
            ],
            "ssl_certificate": [],
            "ssl_policy": [
              {
                "cipher_suites": [],
                "disabled_protocols": [],
                "min_protocol_version": "",
                "policy_name": "AppGwSslPolicy20150501",
                "policy_type": "Predefined"
              }
            ],
            "ssl_profile": [],
            "tags": null,
            "timeouts": null,
            "trusted_client_certificate": [],
            "trusted_root_certificate": [],
            "url_path_map": [],
            "waf_configuration": [
              {
                "disabled_rule_group": [],
                "enabled": true,
                "exclusion": [],
                "file_upload_limit_mb": 100,
                "firewall_mode": "Detection",
                "max_request_body_size_kb": 128,
                "request_body_check": true,
                "rule_set_type": "OWASP",
                "rule_set_version": "3.0"
              }
            ],
            "zones": null
          },
          "sensitive_attributes": [],
          "private": "eyJlMmJmYjczMC1lY2FhLTExZTYtOGY4OC0zNDM2M2JjN2M0YzAiOnsiY3JlYXRlIjo1NDAwMDAwMDAwMDAwLCJkZWxldGUiOjU0MDAwMDAwMDAwMDAsInJlYWQiOjMwMDAwMDAwMDAwMCwidXBkYXRlIjo1NDAwMDAwMDAwMDAwfX0=",
          "dependencies": [
            "azurerm_linux_web_app.app",
            "azurerm_public_ip.pip",
            "azurerm_resource_group.amran-rg",
            "azurerm_service_plan.plan",
            "azurerm_subnet.frontend",
            "azurerm_virtual_network.vnet"
          ]
        }
      ]
    },
    {
      "mode": "managed",
      "type": "azurerm_lb",
      "name": "plink-lb",
      "provider": "provider[\"registry.terraform.io/hashicorp/azurerm\"]",
      "instances": [
        {
          "schema_version": 0,
          "attributes": {
            "edge_zone": "",
            "frontend_ip_configuration": [
              {
                "gateway_load_balancer_frontend_ip_configuration_id": "",
                "id": "/subscriptions/fd7a0e48-ef92-4ae6-b1a7-6a62c6dd318d/resourceGroups/amran-rg-web-sql-db-demo-project/providers/Microsoft.Network/loadBalancers/amran-plink-lb/frontendIPConfigurations/amran-plink--pip",
                "inbound_nat_rules": [],
                "load_balancer_rules": [],
                "name": "amran-plink--pip",
                "outbound_rules": [],
                "private_ip_address": "",
                "private_ip_address_allocation": "Dynamic",
                "private_ip_address_version": "",
                "public_ip_address_id": "/subscriptions/fd7a0e48-ef92-4ae6-b1a7-6a62c6dd318d/resourceGroups/amran-rg-web-sql-db-demo-project/providers/Microsoft.Network/publicIPAddresses/amran-plink--pip",
                "public_ip_prefix_id": "",
                "subnet_id": "",
                "zones": null
              }
            ],
            "id": "/subscriptions/fd7a0e48-ef92-4ae6-b1a7-6a62c6dd318d/resourceGroups/amran-rg-web-sql-db-demo-project/providers/Microsoft.Network/loadBalancers/amran-plink-lb",
            "location": "eastus",
            "name": "amran-plink-lb",
            "private_ip_address": "",
            "private_ip_addresses": [],
            "resource_group_name": "amran-rg-web-sql-db-demo-project",
            "sku": "Standard",
            "sku_tier": "Regional",
            "tags": null,
            "timeouts": null
          },
          "sensitive_attributes": [],
          "private": "eyJlMmJmYjczMC1lY2FhLTExZTYtOGY4OC0zNDM2M2JjN2M0YzAiOnsiY3JlYXRlIjoxODAwMDAwMDAwMDAwLCJkZWxldGUiOjE4MDAwMDAwMDAwMDAsInJlYWQiOjMwMDAwMDAwMDAwMCwidXBkYXRlIjoxODAwMDAwMDAwMDAwfX0=",
          "dependencies": [
            "azurerm_public_ip.plink-pip",
            "azurerm_resource_group.plink-rg"
          ]
        }
      ]
    },
    {
      "mode": "managed",
      "type": "azurerm_linux_web_app",
      "name": "app",
      "provider": "provider[\"registry.terraform.io/hashicorp/azurerm\"]",
      "instances": [
        {
          "schema_version": 0,
          "attributes": {
            "app_settings": {
              "SOME_KEY": "some-value"
            },
            "auth_settings": [],
            "auth_settings_v2": [],
            "backup": [],
            "client_affinity_enabled": false,
            "client_certificate_enabled": false,
            "client_certificate_exclusion_paths": "",
            "client_certificate_mode": "Required",
            "connection_string": [
              {
                "name": "Database",
                "type": "SQLAzure",
                "value": "Server=tcp:azurerm_mssql_server.sql.fully_qualified_domain_name Database=azurerm_mssql_database.db.name;User ID=azurerm_mssql_server.sql.administrator_login;Password=azurerm_mssql_server.sql.administrator_login_password;Trusted_Connection=False;Encrypt=True;"
              }
            ],
            "custom_domain_verification_id": "EF0D452C0BDE1A00B23CAD2EAB72949340B3A637F03809B570E31AF1586EC623",
            "default_hostname": "amranwebapp-01357.azurewebsites.net",
            "enabled": true,
            "hosting_environment_id": "",
            "https_only": false,
            "id": "/subscriptions/fd7a0e48-ef92-4ae6-b1a7-6a62c6dd318d/resourceGroups/amran-rg-web-sql-db-demo-project/providers/Microsoft.Web/sites/amranwebapp-01357",
            "identity": [],
            "key_vault_reference_identity_id": "SystemAssigned",
            "kind": "app,linux",
            "location": "eastus",
            "logs": [],
            "name": "amranwebapp-01357",
            "outbound_ip_address_list": [
              "20.75.198.156",
              "20.75.199.30",
              "20.75.199.46",
              "52.151.205.115",
              "52.151.207.202",
              "20.72.144.144",
              "20.119.0.49"
            ],
            "outbound_ip_addresses": "20.75.198.156,20.75.199.30,20.75.199.46,52.151.205.115,52.151.207.202,20.72.144.144,20.119.0.49",
            "possible_outbound_ip_address_list": [
              "20.72.146.6",
              "20.72.148.190",
              "20.75.192.147",
              "20.75.195.157",
              "20.75.196.120",
              "20.75.196.191",
              "20.75.197.90",
              "20.75.197.92",
              "20.75.197.94",
              "20.75.197.131",
              "20.75.197.145",
              "20.75.197.149",
              "20.75.197.155",
              "20.75.197.229",
              "20.75.198.6",
              "20.75.198.23",
              "20.75.198.38",
              "20.75.198.126",
              "20.75.198.156",
              "20.75.199.30",
              "20.75.199.46",
              "52.151.205.115",
              "52.151.207.202",
              "20.72.144.144",
              "20.72.146.6",
              "20.72.148.190",
              "20.75.192.147",
              "20.75.195.157",
              "20.75.196.120",
              "20.75.196.191",
              "20.75.197.14",
              "20.75.197.86",
              "20.75.197.126",
              "20.75.197.142",
              "20.75.197.151",
              "20.75.197.244",
              "20.119.0.49"
            ],
            "possible_outbound_ip_addresses": "20.72.146.6,20.72.148.190,20.75.192.147,20.75.195.157,20.75.196.120,20.75.196.191,20.75.197.90,20.75.197.92,20.75.197.94,20.75.197.131,20.75.197.145,20.75.197.149,20.75.197.155,20.75.197.229,20.75.198.6,20.75.198.23,20.75.198.38,20.75.198.126,20.75.198.156,20.75.199.30,20.75.199.46,52.151.205.115,52.151.207.202,20.72.144.144,20.72.146.6,20.72.148.190,20.75.192.147,20.75.195.157,20.75.196.120,20.75.196.191,20.75.197.14,20.75.197.86,20.75.197.126,20.75.197.142,20.75.197.151,20.75.197.244,20.119.0.49",
            "public_network_access_enabled": true,
            "resource_group_name": "amran-rg-web-sql-db-demo-project",
            "service_plan_id": "/subscriptions/fd7a0e48-ef92-4ae6-b1a7-6a62c6dd318d/resourceGroups/amran-rg-web-sql-db-demo-project/providers/Microsoft.Web/serverfarms/amran-appserviceplan-web-21",
            "site_config": [
              {
                "always_on": true,
                "api_definition_url": "",
                "api_management_api_id": "",
                "app_command_line": "",
                "application_stack": [
                  {
                    "docker_image": "",
                    "docker_image_name": "",
                    "docker_image_tag": "",
                    "docker_registry_password": "",
                    "docker_registry_url": "",
                    "docker_registry_username": "",
                    "dotnet_version": "7.0",
                    "go_version": "",
                    "java_server": "",
                    "java_server_version": "",
                    "java_version": "",
                    "node_version": "",
                    "php_version": "",
                    "python_version": "",
                    "ruby_version": ""
                  }
                ],
                "auto_heal_enabled": false,
                "auto_heal_setting": [],
                "container_registry_managed_identity_client_id": "",
                "container_registry_use_managed_identity": false,
                "cors": [],
                "default_documents": [
                  "Default.htm",
                  "Default.html",
                  "Default.asp",
                  "index.htm",
                  "index.html",
                  "iisstart.htm",
                  "default.aspx",
                  "index.php",
                  "hostingstart.html"
                ],
                "detailed_error_logging_enabled": false,
                "ftps_state": "Disabled",
                "health_check_eviction_time_in_min": 0,
                "health_check_path": "",
                "http2_enabled": false,
                "ip_restriction": [
                  {
                    "action": "Deny",
                    "headers": null,
                    "ip_address": "0.0.0.0/0",
                    "name": "",
                    "priority": 100,
                    "service_tag": "",
                    "virtual_network_subnet_id": ""
                  }
                ],
                "linux_fx_version": "DOTNETCORE|7.0",
                "load_balancing_mode": "LeastRequests",
                "local_mysql_enabled": false,
                "managed_pipeline_mode": "Integrated",
                "minimum_tls_version": "1.2",
                "remote_debugging_enabled": false,
                "remote_debugging_version": "VS2019",
                "scm_ip_restriction": [],
                "scm_minimum_tls_version": "1.2",
                "scm_type": "None",
                "scm_use_main_ip_restriction": false,
                "use_32_bit_worker": true,
                "vnet_route_all_enabled": false,
                "websockets_enabled": false,
                "worker_count": 1
              }
            ],
            "site_credential": [
              {
                "name": "$amranwebapp-01357",
                "password": "d8PrxaX6wKM1s3Pia8dqRi7JGbStFcwHKm1fn8aminJSkmobhlmj68ogxYpK"
              }
            ],
            "sticky_settings": [],
            "storage_account": [],
            "tags": null,
            "timeouts": null,
            "virtual_network_subnet_id": "",
            "zip_deploy_file": ""
          },
          "sensitive_attributes": [],
          "private": "eyJlMmJmYjczMC1lY2FhLTExZTYtOGY4OC0zNDM2M2JjN2M0YzAiOnsiY3JlYXRlIjoxODAwMDAwMDAwMDAwLCJkZWxldGUiOjE4MDAwMDAwMDAwMDAsInJlYWQiOjMwMDAwMDAwMDAwMCwidXBkYXRlIjoxODAwMDAwMDAwMDAwfX0=",
          "dependencies": [
            "azurerm_resource_group.amran-rg",
            "azurerm_service_plan.plan"
          ]
        }
      ]
    },
    {
      "mode": "managed",
      "type": "azurerm_mssql_database",
      "name": "db",
      "provider": "provider[\"registry.terraform.io/hashicorp/azurerm\"]",
      "instances": [
        {
          "schema_version": 1,
          "attributes": {
            "auto_pause_delay_in_minutes": 0,
            "collation": "SQL_Latin1_General_CP1_CI_AS",
            "create_mode": "Default",
            "creation_source_database_id": null,
            "elastic_pool_id": "",
            "geo_backup_enabled": true,
            "id": "/subscriptions/fd7a0e48-ef92-4ae6-b1a7-6a62c6dd318d/resourceGroups/amran-rg-web-sql-db-demo-project/providers/Microsoft.Sql/servers/amran-sqlserver-021/databases/ProductsDB",
            "import": [],
            "ledger_enabled": false,
            "license_type": "LicenseIncluded",
            "long_term_retention_policy": [
              {
                "monthly_retention": "PT0S",
                "week_of_year": 1,
                "weekly_retention": "PT0S",
                "yearly_retention": "PT0S"
              }
            ],
            "maintenance_configuration_name": "SQL_Default",
            "max_size_gb": 250,
            "min_capacity": 0,
            "name": "ProductsDB",
            "read_replica_count": 0,
            "read_scale": false,
            "recover_database_id": null,
            "restore_dropped_database_id": null,
            "restore_point_in_time": null,
            "sample_name": null,
            "server_id": "/subscriptions/fd7a0e48-ef92-4ae6-b1a7-6a62c6dd318d/resourceGroups/amran-rg-web-sql-db-demo-project/providers/Microsoft.Sql/servers/amran-sqlserver-021",
            "short_term_retention_policy": [
              {
                "backup_interval_in_hours": 24,
                "retention_days": 7
              }
            ],
            "sku_name": "S0",
            "storage_account_type": "Geo",
            "tags": null,
            "threat_detection_policy": [
              {
                "disabled_alerts": [],
                "email_account_admins": "Disabled",
                "email_addresses": [],
                "retention_days": 0,
                "state": "Disabled",
                "storage_account_access_key": "",
                "storage_endpoint": ""
              }
            ],
            "timeouts": null,
            "transparent_data_encryption_enabled": true,
            "zone_redundant": false
          },
          "sensitive_attributes": [],
          "private": "eyJlMmJmYjczMC1lY2FhLTExZTYtOGY4OC0zNDM2M2JjN2M0YzAiOnsiY3JlYXRlIjozNjAwMDAwMDAwMDAwLCJkZWxldGUiOjM2MDAwMDAwMDAwMDAsInJlYWQiOjMwMDAwMDAwMDAwMCwidXBkYXRlIjozNjAwMDAwMDAwMDAwfSwic2NoZW1hX3ZlcnNpb24iOiIxIn0=",
          "dependencies": [
            "azurerm_mssql_server.sql",
            "azurerm_resource_group.amran-rg"
          ]
        }
      ]
    },
    {
      "mode": "managed",
      "type": "azurerm_mssql_database_extended_auditing_policy",
      "name": "policy",
      "provider": "provider[\"registry.terraform.io/hashicorp/azurerm\"]",
      "instances": [
        {
          "schema_version": 0,
          "attributes": {
            "database_id": "/subscriptions/fd7a0e48-ef92-4ae6-b1a7-6a62c6dd318d/resourceGroups/amran-rg-web-sql-db-demo-project/providers/Microsoft.Sql/servers/amran-sqlserver-021/databases/ProductsDB",
            "enabled": true,
            "id": "/subscriptions/fd7a0e48-ef92-4ae6-b1a7-6a62c6dd318d/resourceGroups/amran-rg-web-sql-db-demo-project/providers/Microsoft.Sql/servers/amran-sqlserver-021/databases/ProductsDB/extendedAuditingSettings/Default",
            "log_monitoring_enabled": true,
            "retention_in_days": 1,
            "storage_account_access_key": "HnWZi9Hh6imWJUrYq8hgrefARbxznntZbEQVh0d6RQAJXST7DdZuPqqYBbmo/HFyNkIA2uu4Q7wa+AStYZJhaQ==",
            "storage_account_access_key_is_secondary": false,
            "storage_endpoint": "https://amranstgaccount.blob.core.windows.net/",
            "timeouts": null
          },
          "sensitive_attributes": [
            [
              {
                "type": "get_attr",
                "value": "storage_account_access_key"
              }
            ]
          ],
          "private": "eyJlMmJmYjczMC1lY2FhLTExZTYtOGY4OC0zNDM2M2JjN2M0YzAiOnsiY3JlYXRlIjoxODAwMDAwMDAwMDAwLCJkZWxldGUiOjE4MDAwMDAwMDAwMDAsInJlYWQiOjMwMDAwMDAwMDAwMCwidXBkYXRlIjoxODAwMDAwMDAwMDAwfX0=",
          "dependencies": [
            "azurerm_mssql_database.db",
            "azurerm_mssql_server.sql",
            "azurerm_resource_group.amran-rg",
            "azurerm_storage_account.storage"
          ]
        }
      ]
    },
    {
      "mode": "managed",
      "type": "azurerm_mssql_server",
      "name": "sql",
      "provider": "provider[\"registry.terraform.io/hashicorp/azurerm\"]",
      "instances": [
        {
          "schema_version": 0,
          "attributes": {
            "administrator_login": "sqladmin",
            "administrator_login_password": "@Asdf123456789!",
            "azuread_administrator": [],
            "connection_policy": "Default",
            "fully_qualified_domain_name": "amran-sqlserver-021.database.windows.net",
            "id": "/subscriptions/fd7a0e48-ef92-4ae6-b1a7-6a62c6dd318d/resourceGroups/amran-rg-web-sql-db-demo-project/providers/Microsoft.Sql/servers/amran-sqlserver-021",
            "identity": [],
            "location": "eastus",
            "minimum_tls_version": "1.2",
            "name": "amran-sqlserver-021",
            "outbound_network_restriction_enabled": false,
            "primary_user_assigned_identity_id": "",
            "public_network_access_enabled": true,
            "resource_group_name": "amran-rg-web-sql-db-demo-project",
            "restorable_dropped_database_ids": [],
            "tags": null,
            "timeouts": null,
            "transparent_data_encryption_key_vault_key_id": "",
            "version": "12.0"
          },
          "sensitive_attributes": [],
          "private": "eyJlMmJmYjczMC1lY2FhLTExZTYtOGY4OC0zNDM2M2JjN2M0YzAiOnsiY3JlYXRlIjozNjAwMDAwMDAwMDAwLCJkZWxldGUiOjM2MDAwMDAwMDAwMDAsInJlYWQiOjMwMDAwMDAwMDAwMCwidXBkYXRlIjozNjAwMDAwMDAwMDAwfX0=",
          "dependencies": [
            "azurerm_resource_group.amran-rg"
          ]
        }
      ]
    },
    {
      "mode": "managed",
      "type": "azurerm_network_security_group",
      "name": "web-app-nsg",
      "provider": "provider[\"registry.terraform.io/hashicorp/azurerm\"]",
      "instances": [
        {
          "schema_version": 0,
          "attributes": {
            "id": "/subscriptions/fd7a0e48-ef92-4ae6-b1a7-6a62c6dd318d/resourceGroups/amran-rg-web-sql-db-demo-project/providers/Microsoft.Network/networkSecurityGroups/demo-project-web-app-nsg",
            "location": "eastus",
            "name": "demo-project-web-app-nsg",
            "resource_group_name": "amran-rg-web-sql-db-demo-project",
            "security_rule": [],
            "tags": null,
            "timeouts": null
          },
          "sensitive_attributes": [],
          "private": "eyJlMmJmYjczMC1lY2FhLTExZTYtOGY4OC0zNDM2M2JjN2M0YzAiOnsiY3JlYXRlIjoxODAwMDAwMDAwMDAwLCJkZWxldGUiOjE4MDAwMDAwMDAwMDAsInJlYWQiOjMwMDAwMDAwMDAwMCwidXBkYXRlIjoxODAwMDAwMDAwMDAwfX0=",
          "dependencies": [
            "azurerm_resource_group.amran-rg"
          ]
        }
      ]
    },
    {
      "mode": "managed",
      "type": "azurerm_network_security_rule",
      "name": "nsg-rule",
      "provider": "provider[\"registry.terraform.io/hashicorp/azurerm\"]",
      "instances": [
        {
          "schema_version": 0,
          "attributes": {
            "access": "Allow",
            "description": "",
            "destination_address_prefix": "*",
            "destination_address_prefixes": null,
            "destination_application_security_group_ids": null,
            "destination_port_range": "80",
            "destination_port_ranges": null,
            "direction": "Inbound",
            "id": "/subscriptions/fd7a0e48-ef92-4ae6-b1a7-6a62c6dd318d/resourceGroups/amran-rg-web-sql-db-demo-project/providers/Microsoft.Network/networkSecurityGroups/demo-project-web-app-nsg/securityRules/nsg-rule1",
            "name": "nsg-rule1",
            "network_security_group_name": "demo-project-web-app-nsg",
            "priority": 1001,
            "protocol": "*",
            "resource_group_name": "amran-rg-web-sql-db-demo-project",
            "source_address_prefix": "*",
            "source_address_prefixes": null,
            "source_application_security_group_ids": null,
            "source_port_range": "*",
            "source_port_ranges": null,
            "timeouts": null
          },
          "sensitive_attributes": [],
          "private": "eyJlMmJmYjczMC1lY2FhLTExZTYtOGY4OC0zNDM2M2JjN2M0YzAiOnsiY3JlYXRlIjoxODAwMDAwMDAwMDAwLCJkZWxldGUiOjE4MDAwMDAwMDAwMDAsInJlYWQiOjMwMDAwMDAwMDAwMCwidXBkYXRlIjoxODAwMDAwMDAwMDAwfX0=",
          "dependencies": [
            "azurerm_network_security_group.web-app-nsg",
            "azurerm_resource_group.amran-rg"
          ]
        }
      ]
    },
    {
      "mode": "managed",
      "type": "azurerm_private_dns_zone",
      "name": "pdns-zone",
      "provider": "provider[\"registry.terraform.io/hashicorp/azurerm\"]",
      "instances": [
        {
          "schema_version": 0,
          "attributes": {
            "id": "/subscriptions/fd7a0e48-ef92-4ae6-b1a7-6a62c6dd318d/resourceGroups/amran-rg-web-sql-db-demo-project/providers/Microsoft.Network/privateDnsZones/privatelink.blob.core.windows.net",
            "max_number_of_record_sets": 25000,
            "max_number_of_virtual_network_links": 1000,
            "max_number_of_virtual_network_links_with_registration": 100,
            "name": "privatelink.blob.core.windows.net",
            "number_of_record_sets": 1,
            "resource_group_name": "amran-rg-web-sql-db-demo-project",
            "soa_record": [
              {
                "email": "azureprivatedns-host.microsoft.com",
                "expire_time": 2419200,
                "fqdn": "privatelink.blob.core.windows.net.",
                "host_name": "azureprivatedns.net",
                "minimum_ttl": 10,
                "refresh_time": 3600,
                "retry_time": 300,
                "serial_number": 1,
                "tags": {},
                "ttl": 3600
              }
            ],
            "tags": null,
            "timeouts": null
          },
          "sensitive_attributes": [],
          "private": "eyJlMmJmYjczMC1lY2FhLTExZTYtOGY4OC0zNDM2M2JjN2M0YzAiOnsiY3JlYXRlIjoxODAwMDAwMDAwMDAwLCJkZWxldGUiOjE4MDAwMDAwMDAwMDAsInJlYWQiOjMwMDAwMDAwMDAwMCwidXBkYXRlIjoxODAwMDAwMDAwMDAwfX0=",
          "dependencies": [
            "azurerm_resource_group.amran-rg"
          ]
        }
      ]
    },
    {
      "mode": "managed",
      "type": "azurerm_private_dns_zone_virtual_network_link",
      "name": "plink-vnet-link",
      "provider": "provider[\"registry.terraform.io/hashicorp/azurerm\"]",
      "instances": [
        {
          "schema_version": 0,
          "attributes": {
            "id": "/subscriptions/fd7a0e48-ef92-4ae6-b1a7-6a62c6dd318d/resourceGroups/amran-rg-web-sql-db-demo-project/providers/Microsoft.Network/privateDnsZones/privatelink.blob.core.windows.net/virtualNetworkLinks/amran-plink-vnet-link",
            "name": "amran-plink-vnet-link",
            "private_dns_zone_name": "privatelink.blob.core.windows.net",
            "registration_enabled": false,
            "resource_group_name": "amran-rg-web-sql-db-demo-project",
            "tags": null,
            "timeouts": null,
            "virtual_network_id": "/subscriptions/fd7a0e48-ef92-4ae6-b1a7-6a62c6dd318d/resourceGroups/amran-rg-web-sql-db-demo-project/providers/Microsoft.Network/virtualNetworks/amran-app-service-vnet"
          },
          "sensitive_attributes": [],
          "private": "eyJlMmJmYjczMC1lY2FhLTExZTYtOGY4OC0zNDM2M2JjN2M0YzAiOnsiY3JlYXRlIjoxODAwMDAwMDAwMDAwLCJkZWxldGUiOjE4MDAwMDAwMDAwMDAsInJlYWQiOjMwMDAwMDAwMDAwMCwidXBkYXRlIjoxODAwMDAwMDAwMDAwfX0=",
          "dependencies": [
            "azurerm_private_dns_zone.pdns-zone",
            "azurerm_resource_group.amran-rg",
            "azurerm_virtual_network.app-service-vnet"
          ]
        }
      ]
    },
    {
      "mode": "managed",
      "type": "azurerm_private_endpoint",
      "name": "plink-endpoint",
      "provider": "provider[\"registry.terraform.io/hashicorp/azurerm\"]",
      "instances": [
        {
          "schema_version": 0,
          "attributes": {
            "custom_dns_configs": [
              {
                "fqdn": "amranwebapp-01357.azurewebsites.net",
                "ip_addresses": [
                  "10.4.2.4"
                ]
              },
              {
                "fqdn": "amranwebapp-01357.scm.azurewebsites.net",
                "ip_addresses": [
                  "10.4.2.4"
                ]
              }
            ],
            "custom_network_interface_name": "",
            "id": "/subscriptions/fd7a0e48-ef92-4ae6-b1a7-6a62c6dd318d/resourceGroups/amran-rg-web-sql-db-demo-project/providers/Microsoft.Network/privateEndpoints/amran-plink-endpoint",
            "ip_configuration": [],
            "location": "eastus",
            "name": "amran-plink-endpoint",
            "network_interface": [
              {
                "id": "/subscriptions/fd7a0e48-ef92-4ae6-b1a7-6a62c6dd318d/resourceGroups/amran-rg-web-sql-db-demo-project/providers/Microsoft.Network/networkInterfaces/amran-plink-endpoint.nic.1d0040a7-95b1-4b2f-a1d4-5fbefd5f18b3",
                "name": "amran-plink-endpoint.nic.1d0040a7-95b1-4b2f-a1d4-5fbefd5f18b3"
              }
            ],
            "private_dns_zone_configs": [
              {
                "id": "/subscriptions/fd7a0e48-ef92-4ae6-b1a7-6a62c6dd318d/resourceGroups/amran-rg-web-sql-db-demo-project/providers/Microsoft.Network/privateEndpoints/amran-plink-endpoint/privateDnsZoneGroups/amran-private-dns-zone-group/privateDnsZoneConfigs/privatelink.blob.core.windows.net",
                "name": "privatelink.blob.core.windows.net",
                "private_dns_zone_id": "/subscriptions/fd7a0e48-ef92-4ae6-b1a7-6a62c6dd318d/resourceGroups/amran-rg-web-sql-db-demo-project/providers/Microsoft.Network/privateDnsZones/privatelink.blob.core.windows.net",
                "record_sets": []
              }
            ],
            "private_dns_zone_group": [
              {
                "id": "/subscriptions/fd7a0e48-ef92-4ae6-b1a7-6a62c6dd318d/resourceGroups/amran-rg-web-sql-db-demo-project/providers/Microsoft.Network/privateEndpoints/amran-plink-endpoint/privateDnsZoneGroups/amran-private-dns-zone-group",
                "name": "amran-private-dns-zone-group",
                "private_dns_zone_ids": [
                  "/subscriptions/fd7a0e48-ef92-4ae6-b1a7-6a62c6dd318d/resourceGroups/amran-rg-web-sql-db-demo-project/providers/Microsoft.Network/privateDnsZones/privatelink.blob.core.windows.net"
                ]
              }
            ],
            "private_service_connection": [
              {
                "is_manual_connection": false,
                "name": "amran-web-private-service-connection",
                "private_connection_resource_alias": "",
                "private_connection_resource_id": "/subscriptions/fd7a0e48-ef92-4ae6-b1a7-6a62c6dd318d/resourceGroups/amran-rg-web-sql-db-demo-project/providers/Microsoft.Web/sites/amranwebapp-01357",
                "private_ip_address": "10.4.2.4",
                "request_message": "",
                "subresource_names": [
                  "sites"
                ]
              }
            ],
            "resource_group_name": "amran-rg-web-sql-db-demo-project",
            "subnet_id": "/subscriptions/fd7a0e48-ef92-4ae6-b1a7-6a62c6dd318d/resourceGroups/amran-rg-web-sql-db-demo-project/providers/Microsoft.Network/virtualNetworks/amran-app-service-vnet/subnets/amran-plink-endpoint-subnet",
            "tags": null,
            "timeouts": null
          },
          "sensitive_attributes": [],
          "private": "eyJlMmJmYjczMC1lY2FhLTExZTYtOGY4OC0zNDM2M2JjN2M0YzAiOnsiY3JlYXRlIjozNjAwMDAwMDAwMDAwLCJkZWxldGUiOjM2MDAwMDAwMDAwMDAsInJlYWQiOjMwMDAwMDAwMDAwMCwidXBkYXRlIjozNjAwMDAwMDAwMDAwfX0=",
          "dependencies": [
            "azurerm_linux_web_app.app",
            "azurerm_private_dns_zone.pdns-zone",
            "azurerm_resource_group.amran-rg",
            "azurerm_service_plan.plan",
            "azurerm_subnet.plink-endpoint-subnet",
            "azurerm_virtual_network.app-service-vnet"
          ]
        }
      ]
    },
    {
      "mode": "managed",
      "type": "azurerm_private_link_service",
      "name": "plink-service-connection",
      "provider": "provider[\"registry.terraform.io/hashicorp/azurerm\"]",
      "instances": [
        {
          "schema_version": 0,
          "attributes": {
            "alias": "amran-plink-service-connection.b257f5cb-9ddb-4da1-86a1-a46778ca42b9.eastus.azure.privatelinkservice",
            "auto_approval_subscription_ids": null,
            "enable_proxy_protocol": false,
            "fqdns": null,
            "id": "/subscriptions/fd7a0e48-ef92-4ae6-b1a7-6a62c6dd318d/resourceGroups/amran-rg-web-sql-db-demo-project/providers/Microsoft.Network/privateLinkServices/amran-plink-service-connection",
            "load_balancer_frontend_ip_configuration_ids": [
              "/subscriptions/fd7a0e48-ef92-4ae6-b1a7-6a62c6dd318d/resourceGroups/amran-rg-web-sql-db-demo-project/providers/Microsoft.Network/loadBalancers/amran-plink-lb/frontendIPConfigurations/amran-plink--pip"
            ],
            "location": "eastus",
            "name": "amran-plink-service-connection",
            "nat_ip_configuration": [
              {
                "name": "amran-plink--pip",
                "primary": true,
                "private_ip_address": "",
                "private_ip_address_version": "IPv4",
                "subnet_id": "/subscriptions/fd7a0e48-ef92-4ae6-b1a7-6a62c6dd318d/resourceGroups/amran-rg-web-sql-db-demo-project/providers/Microsoft.Network/virtualNetworks/demo-plink-vnet/subnets/amran-plink-subnet"
              }
            ],
            "resource_group_name": "amran-rg-web-sql-db-demo-project",
            "tags": null,
            "timeouts": null,
            "visibility_subscription_ids": null
          },
          "sensitive_attributes": [],
          "private": "eyJlMmJmYjczMC1lY2FhLTExZTYtOGY4OC0zNDM2M2JjN2M0YzAiOnsiY3JlYXRlIjozNjAwMDAwMDAwMDAwLCJkZWxldGUiOjM2MDAwMDAwMDAwMDAsInJlYWQiOjMwMDAwMDAwMDAwMCwidXBkYXRlIjozNjAwMDAwMDAwMDAwfX0=",
          "dependencies": [
            "azurerm_lb.plink-lb",
            "azurerm_public_ip.plink-pip",
            "azurerm_resource_group.plink-rg",
            "azurerm_subnet.plink-subnet",
            "azurerm_virtual_network.plink-vnet"
          ]
        }
      ]
    },
    {
      "mode": "managed",
      "type": "azurerm_public_ip",
      "name": "pip",
      "provider": "provider[\"registry.terraform.io/hashicorp/azurerm\"]",
      "instances": [
        {
          "schema_version": 0,
          "attributes": {
            "allocation_method": "Static",
            "ddos_protection_mode": "VirtualNetworkInherited",
            "ddos_protection_plan_id": null,
            "domain_name_label": null,
            "edge_zone": "",
            "fqdn": null,
            "id": "/subscriptions/fd7a0e48-ef92-4ae6-b1a7-6a62c6dd318d/resourceGroups/amran-rg-web-sql-db-demo-project/providers/Microsoft.Network/publicIPAddresses/myAGPublicIPAddress",
            "idle_timeout_in_minutes": 4,
            "ip_address": "172.174.43.96",
            "ip_tags": null,
            "ip_version": "IPv4",
            "location": "eastus",
            "name": "myAGPublicIPAddress",
            "public_ip_prefix_id": null,
            "resource_group_name": "amran-rg-web-sql-db-demo-project",
            "reverse_fqdn": null,
            "sku": "Standard",
            "sku_tier": "Regional",
            "tags": null,
            "timeouts": null,
            "zones": null
          },
          "sensitive_attributes": [],
          "private": "eyJlMmJmYjczMC1lY2FhLTExZTYtOGY4OC0zNDM2M2JjN2M0YzAiOnsiY3JlYXRlIjoxODAwMDAwMDAwMDAwLCJkZWxldGUiOjE4MDAwMDAwMDAwMDAsInJlYWQiOjMwMDAwMDAwMDAwMCwidXBkYXRlIjoxODAwMDAwMDAwMDAwfX0=",
          "dependencies": [
            "azurerm_resource_group.amran-rg"
          ]
        }
      ]
    },
    {
      "mode": "managed",
      "type": "azurerm_public_ip",
      "name": "plink-pip",
      "provider": "provider[\"registry.terraform.io/hashicorp/azurerm\"]",
      "instances": [
        {
          "schema_version": 0,
          "attributes": {
            "allocation_method": "Static",
            "ddos_protection_mode": "VirtualNetworkInherited",
            "ddos_protection_plan_id": null,
            "domain_name_label": null,
            "edge_zone": "",
            "fqdn": null,
            "id": "/subscriptions/fd7a0e48-ef92-4ae6-b1a7-6a62c6dd318d/resourceGroups/amran-rg-web-sql-db-demo-project/providers/Microsoft.Network/publicIPAddresses/amran-plink--pip",
            "idle_timeout_in_minutes": 4,
            "ip_address": "20.228.146.219",
            "ip_tags": null,
            "ip_version": "IPv4",
            "location": "eastus",
            "name": "amran-plink--pip",
            "public_ip_prefix_id": null,
            "resource_group_name": "amran-rg-web-sql-db-demo-project",
            "reverse_fqdn": null,
            "sku": "Standard",
            "sku_tier": "Regional",
            "tags": null,
            "timeouts": null,
            "zones": null
          },
          "sensitive_attributes": [],
          "private": "eyJlMmJmYjczMC1lY2FhLTExZTYtOGY4OC0zNDM2M2JjN2M0YzAiOnsiY3JlYXRlIjoxODAwMDAwMDAwMDAwLCJkZWxldGUiOjE4MDAwMDAwMDAwMDAsInJlYWQiOjMwMDAwMDAwMDAwMCwidXBkYXRlIjoxODAwMDAwMDAwMDAwfX0=",
          "dependencies": [
            "azurerm_resource_group.plink-rg"
          ]
        }
      ]
    },
    {
      "mode": "managed",
      "type": "azurerm_resource_group",
      "name": "amran-rg",
      "provider": "provider[\"registry.terraform.io/hashicorp/azurerm\"]",
      "instances": [
        {
          "schema_version": 0,
          "attributes": {
            "id": "/subscriptions/fd7a0e48-ef92-4ae6-b1a7-6a62c6dd318d/resourceGroups/amran-rg-web-sql-db-demo-project",
            "location": "eastus",
            "managed_by": "",
            "name": "amran-rg-web-sql-db-demo-project",
            "tags": {
              "environment": "preproduction"
            },
            "timeouts": null
          },
          "sensitive_attributes": [],
          "private": "eyJlMmJmYjczMC1lY2FhLTExZTYtOGY4OC0zNDM2M2JjN2M0YzAiOnsiY3JlYXRlIjo1NDAwMDAwMDAwMDAwLCJkZWxldGUiOjU0MDAwMDAwMDAwMDAsInJlYWQiOjMwMDAwMDAwMDAwMCwidXBkYXRlIjo1NDAwMDAwMDAwMDAwfX0="
        }
      ]
    },
    {
      "mode": "managed",
      "type": "azurerm_resource_group",
      "name": "plink-rg",
      "provider": "provider[\"registry.terraform.io/hashicorp/azurerm\"]",
      "instances": [
        {
          "schema_version": 0,
          "attributes": {
            "id": "/subscriptions/fd7a0e48-ef92-4ae6-b1a7-6a62c6dd318d/resourceGroups/amran-rg-web-sql-db-demo-project",
            "location": "eastus",
            "managed_by": "",
            "name": "amran-rg-web-sql-db-demo-project",
            "tags": null,
            "timeouts": null
          },
          "sensitive_attributes": [],
          "private": "eyJlMmJmYjczMC1lY2FhLTExZTYtOGY4OC0zNDM2M2JjN2M0YzAiOnsiY3JlYXRlIjo1NDAwMDAwMDAwMDAwLCJkZWxldGUiOjU0MDAwMDAwMDAwMDAsInJlYWQiOjMwMDAwMDAwMDAwMCwidXBkYXRlIjo1NDAwMDAwMDAwMDAwfX0="
        }
      ]
    },
    {
      "mode": "managed",
      "type": "azurerm_service_plan",
      "name": "plan",
      "provider": "provider[\"registry.terraform.io/hashicorp/azurerm\"]",
      "instances": [
        {
          "schema_version": 0,
          "attributes": {
            "app_service_environment_id": "",
            "id": "/subscriptions/fd7a0e48-ef92-4ae6-b1a7-6a62c6dd318d/resourceGroups/amran-rg-web-sql-db-demo-project/providers/Microsoft.Web/serverfarms/amran-appserviceplan-web-21",
            "kind": "linux",
            "location": "eastus",
            "maximum_elastic_worker_count": 1,
            "name": "amran-appserviceplan-web-21",
            "os_type": "Linux",
            "per_site_scaling_enabled": false,
            "reserved": true,
            "resource_group_name": "amran-rg-web-sql-db-demo-project",
            "sku_name": "P0v3",
            "tags": null,
            "timeouts": null,
            "worker_count": 1,
            "zone_balancing_enabled": false
          },
          "sensitive_attributes": [],
          "private": "eyJlMmJmYjczMC1lY2FhLTExZTYtOGY4OC0zNDM2M2JjN2M0YzAiOnsiY3JlYXRlIjozNjAwMDAwMDAwMDAwLCJkZWxldGUiOjM2MDAwMDAwMDAwMDAsInJlYWQiOjMwMDAwMDAwMDAwMCwidXBkYXRlIjozNjAwMDAwMDAwMDAwfX0=",
          "dependencies": [
            "azurerm_resource_group.amran-rg"
          ]
        }
      ]
    },
    {
      "mode": "managed",
      "type": "azurerm_storage_account",
      "name": "storage",
      "provider": "provider[\"registry.terraform.io/hashicorp/azurerm\"]",
      "instances": [
        {
          "schema_version": 4,
          "attributes": {
            "access_tier": "Hot",
            "account_kind": "StorageV2",
            "account_replication_type": "LRS",
            "account_tier": "Standard",
            "allow_nested_items_to_be_public": true,
            "allowed_copy_scope": "",
            "azure_files_authentication": [],
            "blob_properties": [
              {
                "change_feed_enabled": false,
                "change_feed_retention_in_days": 0,
                "container_delete_retention_policy": [],
                "cors_rule": [],
                "default_service_version": "",
                "delete_retention_policy": [],
                "last_access_time_enabled": false,
                "restore_policy": [],
                "versioning_enabled": false
              }
            ],
            "cross_tenant_replication_enabled": true,
            "custom_domain": [],
            "customer_managed_key": [],
            "default_to_oauth_authentication": false,
            "edge_zone": "",
            "enable_https_traffic_only": true,
            "id": "/subscriptions/fd7a0e48-ef92-4ae6-b1a7-6a62c6dd318d/resourceGroups/amran-rg-web-sql-db-demo-project/providers/Microsoft.Storage/storageAccounts/amranstgaccount",
            "identity": [],
            "immutability_policy": [],
            "infrastructure_encryption_enabled": false,
            "is_hns_enabled": false,
            "large_file_share_enabled": null,
            "location": "eastus",
            "min_tls_version": "TLS1_2",
            "name": "amranstgaccount",
            "network_rules": [
              {
                "bypass": [
                  "AzureServices"
                ],
                "default_action": "Allow",
                "ip_rules": [],
                "private_link_access": [],
                "virtual_network_subnet_ids": []
              }
            ],
            "nfsv3_enabled": false,
            "primary_access_key": "HnWZi9Hh6imWJUrYq8hgrefARbxznntZbEQVh0d6RQAJXST7DdZuPqqYBbmo/HFyNkIA2uu4Q7wa+AStYZJhaQ==",
            "primary_blob_connection_string": "DefaultEndpointsProtocol=https;BlobEndpoint=https://amranstgaccount.blob.core.windows.net/;AccountName=amranstgaccount;AccountKey=HnWZi9Hh6imWJUrYq8hgrefARbxznntZbEQVh0d6RQAJXST7DdZuPqqYBbmo/HFyNkIA2uu4Q7wa+AStYZJhaQ==",
            "primary_blob_endpoint": "https://amranstgaccount.blob.core.windows.net/",
            "primary_blob_host": "amranstgaccount.blob.core.windows.net",
            "primary_connection_string": "DefaultEndpointsProtocol=https;AccountName=amranstgaccount;AccountKey=HnWZi9Hh6imWJUrYq8hgrefARbxznntZbEQVh0d6RQAJXST7DdZuPqqYBbmo/HFyNkIA2uu4Q7wa+AStYZJhaQ==;EndpointSuffix=core.windows.net",
            "primary_dfs_endpoint": "https://amranstgaccount.dfs.core.windows.net/",
            "primary_dfs_host": "amranstgaccount.dfs.core.windows.net",
            "primary_file_endpoint": "https://amranstgaccount.file.core.windows.net/",
            "primary_file_host": "amranstgaccount.file.core.windows.net",
            "primary_location": "eastus",
            "primary_queue_endpoint": "https://amranstgaccount.queue.core.windows.net/",
            "primary_queue_host": "amranstgaccount.queue.core.windows.net",
            "primary_table_endpoint": "https://amranstgaccount.table.core.windows.net/",
            "primary_table_host": "amranstgaccount.table.core.windows.net",
            "primary_web_endpoint": "https://amranstgaccount.z13.web.core.windows.net/",
            "primary_web_host": "amranstgaccount.z13.web.core.windows.net",
            "public_network_access_enabled": true,
            "queue_encryption_key_type": "Service",
            "queue_properties": [
              {
                "cors_rule": [],
                "hour_metrics": [
                  {
                    "enabled": true,
                    "include_apis": true,
                    "retention_policy_days": 7,
                    "version": "1.0"
                  }
                ],
                "logging": [
                  {
                    "delete": false,
                    "read": false,
                    "retention_policy_days": 0,
                    "version": "1.0",
                    "write": false
                  }
                ],
                "minute_metrics": [
                  {
                    "enabled": false,
                    "include_apis": false,
                    "retention_policy_days": 0,
                    "version": "1.0"
                  }
                ]
              }
            ],
            "resource_group_name": "amran-rg-web-sql-db-demo-project",
            "routing": [],
            "sas_policy": [],
            "secondary_access_key": "HXGVjdkMNRNCFk/X4ve3JNjA4GlXp+BrSYeE/munVMszv9waNcxTvSub2Ii7mdLCqH6E2kkvRzvK+ASteAEa6g==",
            "secondary_blob_connection_string": "",
            "secondary_blob_endpoint": null,
            "secondary_blob_host": null,
            "secondary_connection_string": "DefaultEndpointsProtocol=https;AccountName=amranstgaccount;AccountKey=HXGVjdkMNRNCFk/X4ve3JNjA4GlXp+BrSYeE/munVMszv9waNcxTvSub2Ii7mdLCqH6E2kkvRzvK+ASteAEa6g==;EndpointSuffix=core.windows.net",
            "secondary_dfs_endpoint": null,
            "secondary_dfs_host": null,
            "secondary_file_endpoint": null,
            "secondary_file_host": null,
            "secondary_location": "",
            "secondary_queue_endpoint": null,
            "secondary_queue_host": null,
            "secondary_table_endpoint": null,
            "secondary_table_host": null,
            "secondary_web_endpoint": null,
            "secondary_web_host": null,
            "sftp_enabled": false,
            "share_properties": [
              {
                "cors_rule": [],
                "retention_policy": [
                  {
                    "days": 7
                  }
                ],
                "smb": []
              }
            ],
            "shared_access_key_enabled": true,
            "static_website": [],
            "table_encryption_key_type": "Service",
            "tags": null,
            "timeouts": null
          },
          "sensitive_attributes": [],
          "private": "eyJlMmJmYjczMC1lY2FhLTExZTYtOGY4OC0zNDM2M2JjN2M0YzAiOnsiY3JlYXRlIjozNjAwMDAwMDAwMDAwLCJkZWxldGUiOjM2MDAwMDAwMDAwMDAsInJlYWQiOjMwMDAwMDAwMDAwMCwidXBkYXRlIjozNjAwMDAwMDAwMDAwfSwic2NoZW1hX3ZlcnNpb24iOiI0In0=",
          "dependencies": [
            "azurerm_resource_group.amran-rg"
          ]
        }
      ]
    },
    {
      "mode": "managed",
      "type": "azurerm_subnet",
      "name": "appserv",
      "provider": "provider[\"registry.terraform.io/hashicorp/azurerm\"]",
      "instances": [
        {
          "schema_version": 0,
          "attributes": {
            "address_prefixes": [
              "10.4.1.0/24"
            ],
            "delegation": [
              {
                "name": "service-delegation",
                "service_delegation": [
                  {
                    "actions": [
                      "Microsoft.Network/virtualNetworks/subnets/action"
                    ],
                    "name": "Microsoft.Web/serverFarms"
                  }
                ]
              }
            ],
            "enforce_private_link_endpoint_network_policies": true,
            "enforce_private_link_service_network_policies": true,
            "id": "/subscriptions/fd7a0e48-ef92-4ae6-b1a7-6a62c6dd318d/resourceGroups/amran-rg-web-sql-db-demo-project/providers/Microsoft.Network/virtualNetworks/amran-app-service-vnet/subnets/frontend-app",
            "name": "frontend-app",
            "private_endpoint_network_policies_enabled": false,
            "private_link_service_network_policies_enabled": false,
            "resource_group_name": "amran-rg-web-sql-db-demo-project",
            "service_endpoint_policy_ids": null,
            "service_endpoints": null,
            "timeouts": null,
            "virtual_network_name": "amran-app-service-vnet"
          },
          "sensitive_attributes": [],
          "private": "eyJlMmJmYjczMC1lY2FhLTExZTYtOGY4OC0zNDM2M2JjN2M0YzAiOnsiY3JlYXRlIjoxODAwMDAwMDAwMDAwLCJkZWxldGUiOjE4MDAwMDAwMDAwMDAsInJlYWQiOjMwMDAwMDAwMDAwMCwidXBkYXRlIjoxODAwMDAwMDAwMDAwfX0=",
          "dependencies": [
            "azurerm_resource_group.amran-rg",
            "azurerm_virtual_network.app-service-vnet"
          ]
        }
      ]
    },
    {
      "mode": "managed",
      "type": "azurerm_subnet",
      "name": "backend",
      "provider": "provider[\"registry.terraform.io/hashicorp/azurerm\"]",
      "instances": [
        {
          "schema_version": 0,
          "attributes": {
            "address_prefixes": [
              "10.21.1.0/24"
            ],
            "delegation": [],
            "enforce_private_link_endpoint_network_policies": false,
            "enforce_private_link_service_network_policies": false,
            "id": "/subscriptions/fd7a0e48-ef92-4ae6-b1a7-6a62c6dd318d/resourceGroups/amran-rg-web-sql-db-demo-project/providers/Microsoft.Network/virtualNetworks/myVNet/subnets/myBackendSubnet",
            "name": "myBackendSubnet",
            "private_endpoint_network_policies_enabled": true,
            "private_link_service_network_policies_enabled": true,
            "resource_group_name": "amran-rg-web-sql-db-demo-project",
            "service_endpoint_policy_ids": null,
            "service_endpoints": null,
            "timeouts": null,
            "virtual_network_name": "myVNet"
          },
          "sensitive_attributes": [],
          "private": "eyJlMmJmYjczMC1lY2FhLTExZTYtOGY4OC0zNDM2M2JjN2M0YzAiOnsiY3JlYXRlIjoxODAwMDAwMDAwMDAwLCJkZWxldGUiOjE4MDAwMDAwMDAwMDAsInJlYWQiOjMwMDAwMDAwMDAwMCwidXBkYXRlIjoxODAwMDAwMDAwMDAwfX0=",
          "dependencies": [
            "azurerm_resource_group.amran-rg",
            "azurerm_virtual_network.vnet"
          ]
        }
      ]
    },
    {
      "mode": "managed",
      "type": "azurerm_subnet",
      "name": "frontend",
      "provider": "provider[\"registry.terraform.io/hashicorp/azurerm\"]",
      "instances": [
        {
          "schema_version": 0,
          "attributes": {
            "address_prefixes": [
              "10.21.0.0/24"
            ],
            "delegation": [],
            "enforce_private_link_endpoint_network_policies": false,
            "enforce_private_link_service_network_policies": false,
            "id": "/subscriptions/fd7a0e48-ef92-4ae6-b1a7-6a62c6dd318d/resourceGroups/amran-rg-web-sql-db-demo-project/providers/Microsoft.Network/virtualNetworks/myVNet/subnets/myAGSubnet",
            "name": "myAGSubnet",
            "private_endpoint_network_policies_enabled": true,
            "private_link_service_network_policies_enabled": true,
            "resource_group_name": "amran-rg-web-sql-db-demo-project",
            "service_endpoint_policy_ids": null,
            "service_endpoints": null,
            "timeouts": null,
            "virtual_network_name": "myVNet"
          },
          "sensitive_attributes": [],
          "private": "eyJlMmJmYjczMC1lY2FhLTExZTYtOGY4OC0zNDM2M2JjN2M0YzAiOnsiY3JlYXRlIjoxODAwMDAwMDAwMDAwLCJkZWxldGUiOjE4MDAwMDAwMDAwMDAsInJlYWQiOjMwMDAwMDAwMDAwMCwidXBkYXRlIjoxODAwMDAwMDAwMDAwfX0=",
          "dependencies": [
            "azurerm_resource_group.amran-rg",
            "azurerm_virtual_network.vnet"
          ]
        }
      ]
    },
    {
      "mode": "managed",
      "type": "azurerm_subnet",
      "name": "plink-endpoint-subnet",
      "provider": "provider[\"registry.terraform.io/hashicorp/azurerm\"]",
      "instances": [
        {
          "schema_version": 0,
          "attributes": {
            "address_prefixes": [
              "10.4.2.0/24"
            ],
            "delegation": [],
            "enforce_private_link_endpoint_network_policies": true,
            "enforce_private_link_service_network_policies": true,
            "id": "/subscriptions/fd7a0e48-ef92-4ae6-b1a7-6a62c6dd318d/resourceGroups/amran-rg-web-sql-db-demo-project/providers/Microsoft.Network/virtualNetworks/amran-app-service-vnet/subnets/amran-plink-endpoint-subnet",
            "name": "amran-plink-endpoint-subnet",
            "private_endpoint_network_policies_enabled": false,
            "private_link_service_network_policies_enabled": false,
            "resource_group_name": "amran-rg-web-sql-db-demo-project",
            "service_endpoint_policy_ids": null,
            "service_endpoints": null,
            "timeouts": null,
            "virtual_network_name": "amran-app-service-vnet"
          },
          "sensitive_attributes": [],
          "private": "eyJlMmJmYjczMC1lY2FhLTExZTYtOGY4OC0zNDM2M2JjN2M0YzAiOnsiY3JlYXRlIjoxODAwMDAwMDAwMDAwLCJkZWxldGUiOjE4MDAwMDAwMDAwMDAsInJlYWQiOjMwMDAwMDAwMDAwMCwidXBkYXRlIjoxODAwMDAwMDAwMDAwfX0=",
          "dependencies": [
            "azurerm_resource_group.amran-rg",
            "azurerm_virtual_network.app-service-vnet"
          ]
        }
      ]
    },
    {
      "mode": "managed",
      "type": "azurerm_subnet",
      "name": "plink-subnet",
      "provider": "provider[\"registry.terraform.io/hashicorp/azurerm\"]",
      "instances": [
        {
          "schema_version": 0,
          "attributes": {
            "address_prefixes": [
              "10.5.1.0/24"
            ],
            "delegation": [],
            "enforce_private_link_endpoint_network_policies": true,
            "enforce_private_link_service_network_policies": true,
            "id": "/subscriptions/fd7a0e48-ef92-4ae6-b1a7-6a62c6dd318d/resourceGroups/amran-rg-web-sql-db-demo-project/providers/Microsoft.Network/virtualNetworks/demo-plink-vnet/subnets/amran-plink-subnet",
            "name": "amran-plink-subnet",
            "private_endpoint_network_policies_enabled": false,
            "private_link_service_network_policies_enabled": false,
            "resource_group_name": "amran-rg-web-sql-db-demo-project",
            "service_endpoint_policy_ids": null,
            "service_endpoints": null,
            "timeouts": null,
            "virtual_network_name": "demo-plink-vnet"
          },
          "sensitive_attributes": [],
          "private": "eyJlMmJmYjczMC1lY2FhLTExZTYtOGY4OC0zNDM2M2JjN2M0YzAiOnsiY3JlYXRlIjoxODAwMDAwMDAwMDAwLCJkZWxldGUiOjE4MDAwMDAwMDAwMDAsInJlYWQiOjMwMDAwMDAwMDAwMCwidXBkYXRlIjoxODAwMDAwMDAwMDAwfX0=",
          "dependencies": [
            "azurerm_resource_group.plink-rg",
            "azurerm_virtual_network.plink-vnet"
          ]
        }
      ]
    },
    {
      "mode": "managed",
      "type": "azurerm_subnet_network_security_group_association",
      "name": "nsg-connect-webapp-subnet",
      "provider": "provider[\"registry.terraform.io/hashicorp/azurerm\"]",
      "instances": [
        {
          "schema_version": 0,
          "attributes": {
            "id": "/subscriptions/fd7a0e48-ef92-4ae6-b1a7-6a62c6dd318d/resourceGroups/amran-rg-web-sql-db-demo-project/providers/Microsoft.Network/virtualNetworks/amran-app-service-vnet/subnets/frontend-app",
            "network_security_group_id": "/subscriptions/fd7a0e48-ef92-4ae6-b1a7-6a62c6dd318d/resourceGroups/amran-rg-web-sql-db-demo-project/providers/Microsoft.Network/networkSecurityGroups/demo-project-web-app-nsg",
            "subnet_id": "/subscriptions/fd7a0e48-ef92-4ae6-b1a7-6a62c6dd318d/resourceGroups/amran-rg-web-sql-db-demo-project/providers/Microsoft.Network/virtualNetworks/amran-app-service-vnet/subnets/frontend-app",
            "timeouts": null
          },
          "sensitive_attributes": [],
          "private": "eyJlMmJmYjczMC1lY2FhLTExZTYtOGY4OC0zNDM2M2JjN2M0YzAiOnsiY3JlYXRlIjoxODAwMDAwMDAwMDAwLCJkZWxldGUiOjE4MDAwMDAwMDAwMDAsInJlYWQiOjMwMDAwMDAwMDAwMCwidXBkYXRlIjoxODAwMDAwMDAwMDAwfX0=",
          "dependencies": [
            "azurerm_network_security_group.web-app-nsg",
            "azurerm_resource_group.amran-rg",
            "azurerm_subnet.appserv",
            "azurerm_virtual_network.app-service-vnet"
          ]
        }
      ]
    },
    {
      "mode": "managed",
      "type": "azurerm_virtual_network",
      "name": "app-service-vnet",
      "provider": "provider[\"registry.terraform.io/hashicorp/azurerm\"]",
      "instances": [
        {
          "schema_version": 0,
          "attributes": {
            "address_space": [
              "10.4.0.0/16"
            ],
            "bgp_community": "",
            "ddos_protection_plan": [],
            "dns_servers": [],
            "edge_zone": "",
            "encryption": [],
            "flow_timeout_in_minutes": 0,
            "guid": "4a8c02e0-f95c-4d0c-ad24-da24be2b35b7",
            "id": "/subscriptions/fd7a0e48-ef92-4ae6-b1a7-6a62c6dd318d/resourceGroups/amran-rg-web-sql-db-demo-project/providers/Microsoft.Network/virtualNetworks/amran-app-service-vnet",
            "location": "eastus",
            "name": "amran-app-service-vnet",
            "resource_group_name": "amran-rg-web-sql-db-demo-project",
            "subnet": [],
            "tags": null,
            "timeouts": null
          },
          "sensitive_attributes": [],
          "private": "eyJlMmJmYjczMC1lY2FhLTExZTYtOGY4OC0zNDM2M2JjN2M0YzAiOnsiY3JlYXRlIjoxODAwMDAwMDAwMDAwLCJkZWxldGUiOjE4MDAwMDAwMDAwMDAsInJlYWQiOjMwMDAwMDAwMDAwMCwidXBkYXRlIjoxODAwMDAwMDAwMDAwfX0=",
          "dependencies": [
            "azurerm_resource_group.amran-rg"
          ]
        }
      ]
    },
    {
      "mode": "managed",
      "type": "azurerm_virtual_network",
      "name": "plink-vnet",
      "provider": "provider[\"registry.terraform.io/hashicorp/azurerm\"]",
      "instances": [
        {
          "schema_version": 0,
          "attributes": {
            "address_space": [
              "10.5.0.0/16"
            ],
            "bgp_community": "",
            "ddos_protection_plan": [],
            "dns_servers": [],
            "edge_zone": "",
            "encryption": [],
            "flow_timeout_in_minutes": 0,
            "guid": "f3596c16-27ac-4112-a9b8-ca5b8344b40f",
            "id": "/subscriptions/fd7a0e48-ef92-4ae6-b1a7-6a62c6dd318d/resourceGroups/amran-rg-web-sql-db-demo-project/providers/Microsoft.Network/virtualNetworks/demo-plink-vnet",
            "location": "eastus",
            "name": "demo-plink-vnet",
            "resource_group_name": "amran-rg-web-sql-db-demo-project",
            "subnet": [],
            "tags": null,
            "timeouts": null
          },
          "sensitive_attributes": [],
          "private": "eyJlMmJmYjczMC1lY2FhLTExZTYtOGY4OC0zNDM2M2JjN2M0YzAiOnsiY3JlYXRlIjoxODAwMDAwMDAwMDAwLCJkZWxldGUiOjE4MDAwMDAwMDAwMDAsInJlYWQiOjMwMDAwMDAwMDAwMCwidXBkYXRlIjoxODAwMDAwMDAwMDAwfX0=",
          "dependencies": [
            "azurerm_resource_group.plink-rg"
          ]
        }
      ]
    },
    {
      "mode": "managed",
      "type": "azurerm_virtual_network",
      "name": "vnet",
      "provider": "provider[\"registry.terraform.io/hashicorp/azurerm\"]",
      "instances": [
        {
          "schema_version": 0,
          "attributes": {
            "address_space": [
              "10.21.0.0/16"
            ],
            "bgp_community": "",
            "ddos_protection_plan": [],
            "dns_servers": [],
            "edge_zone": "",
            "encryption": [],
            "flow_timeout_in_minutes": 0,
            "guid": "8c710464-2561-4c43-b0c7-61ced21ed1dd",
            "id": "/subscriptions/fd7a0e48-ef92-4ae6-b1a7-6a62c6dd318d/resourceGroups/amran-rg-web-sql-db-demo-project/providers/Microsoft.Network/virtualNetworks/myVNet",
            "location": "eastus",
            "name": "myVNet",
            "resource_group_name": "amran-rg-web-sql-db-demo-project",
            "subnet": [],
            "tags": null,
            "timeouts": null
          },
          "sensitive_attributes": [],
          "private": "eyJlMmJmYjczMC1lY2FhLTExZTYtOGY4OC0zNDM2M2JjN2M0YzAiOnsiY3JlYXRlIjoxODAwMDAwMDAwMDAwLCJkZWxldGUiOjE4MDAwMDAwMDAwMDAsInJlYWQiOjMwMDAwMDAwMDAwMCwidXBkYXRlIjoxODAwMDAwMDAwMDAwfX0=",
          "dependencies": [
            "azurerm_resource_group.amran-rg"
          ]
        }
      ]
    }
  ],
  "check_results": null
}
